{
  "name": "simple_node",
  "version": "1.0.0",
  "lockfileVersion": 1,
  "requires": true,
  "dependencies": {
    "@types/node": {
      "version": "13.13.36",
      "resolved": "https://registry.npmjs.org/@types/node/-/node-13.13.36.tgz",
      "integrity": "sha512-ctzZJ+XsmHQwe3xp07gFUq4JxBaRSYzKHPgblR76//UanGST7vfFNF0+ty5eEbgTqsENopzoDK090xlha9dccQ=="
    }
  }
}
